
Microsoft Visual Studio Solution File, Format Version 12.00
# Visual Studio 15
VisualStudioVersion = 15.0.27004.2008
MinimumVisualStudioVersion = 10.0.40219.1
Project("{FAE04EC0-301F-11D3-BF4B-00C04F79EFBC}") = "Jaktapp", "Jaktapp\Jaktapp.csproj", "{23FEBC95-67BB-4BB9-936A-980866EF383A}"
EndProject
Global
	GlobalSection(SolutionConfigurationPlatforms) = preSolution
		Debug|Any CPU = Debug|Any CPU
		Release|Any CPU = Release|Any CPU
	EndGlobalSection
	GlobalSection(ProjectConfigurationPlatforms) = postSolution
		{23FEBC95-67BB-4BB9-936A-980866EF383A}.Debug|Any CPU.ActiveCfg = Debug|Any CPU
		{23FEBC95-67BB-4BB9-936A-980866EF383A}.Debug|Any CPU.Build.0 = Debug|Any CPU
		{23FEBC95-67BB-4BB9-936A-980866EF383A}.Debug|Any CPU.Deploy.0 = Debug|Any CPU
		{23FEBC95-67BB-4BB9-936A-980866EF383A}.Release|Any CPU.ActiveCfg = Release|Any CPU
		{23FEBC95-67BB-4BB9-936A-980866EF383A}.Release|Any CPU.Build.0 = Release|Any CPU
		{23FEBC95-67BB-4BB9-936A-980866EF383A}.Release|Any CPU.Deploy.0 = Release|Any CPU
	EndGlobalSection
	GlobalSection(SolutionProperties) = preSolution
		HideSolutionNode = FALSE
	EndGlobalSection
	GlobalSection(ExtensibilityGlobals) = postSolution
		SolutionGuid = {8D257654-518C-412A-B6E5-F41F4C5D543B}
	EndGlobalSection
EndGlobal
